<?xml version="1.0" encoding="UTF-8" standalone="yes" ?>
<CodeBlocks_project_file>
	<FileVersion major="1" minor="6" />
	<Project>
		<Option title="Compteur_Linky" />
		<Option execution_dir="E:\Documents\Documents\Divers\Communication cpt Linky\Code\Compteur Linky\Compteur_Linky\Sources\" />
		<Option pch_mode="2" />
		<Option compiler="gcc" />
		<Build>
			<Target title="Debug">
				<Option output="bin\Debug\Compteur_Linky" prefix_auto="1" extension_auto="1" />
				<Option object_output="obj\Debug\" />
				<Option type="1" />
				<Option compiler="gcc" />
				<Compiler>
					<Add option="-g" />
				</Compiler>
			</Target>
		</Build>
		<Compiler>
			<Add option="-Wall" />
		</Compiler>
		<Unit filename="Sources\Acquerir.c">
			<Option compilerVar="CC" />
		</Unit>
		<Unit filename="Sources\Acquerir.h" />
		<Unit filename="Sources\Decoder_Trames.c">
			<Option compilerVar="CC" />
		</Unit>
		<Unit filename="Sources\Decoder_Trames.h" />
		<Unit filename="Sources\Fonctions_Extract.c">
			<Option compilerVar="CC" />
		</Unit>
		<Unit filename="Sources\Fonctions_Extract.h" />
		<Unit filename="Sources\Fonctions_UART.c">
			<Option compilerVar="CC" />
		</Unit>
		<Unit filename="Sources\Fonctions_UART.h" />
		<Unit filename="Sources\Horodater.c">
			<Option compilerVar="CC" />
		</Unit>
		<Unit filename="Sources\Horodater.h" />
		<Unit filename="Sources\LireEcrire.c">
			<Option compilerVar="CC" />
		</Unit>
		<Unit filename="Sources\LireEcrire.h" />
		<Unit filename="Sources\Main.c">
			<Option compilerVar="CC" />
		</Unit>
		<Unit filename="Sources\Sortir.c">
			<Option compilerVar="CC" />
		</Unit>
		<Unit filename="Sources\Sortir.h" />
		<Extensions>
			<code_completion />
			<envvars />
			<debugger />
			<lib_finder disable_auto="1" />
		</Extensions>
	</Project>
</CodeBlocks_project_file>
